// !$*UTF8*$!
{
	archiveVersion = 1;
	classes = {
	};
	objectVersion = 46;
	objects = {

/* Begin PBXBuildFile section */
		113F05DC1D8038A0009C5BDB /* viewsStoryBoard.storyboard in Resources */ = {isa = PBXBuildFile; fileRef = 113F05DB1D8038A0009C5BDB /* viewsStoryBoard.storyboard */; };
		113F05DE1D8039B3009C5BDB /* DisplayViewController.swift in Sources */ = {isa = PBXBuildFile; fileRef = 113F05DD1D8039B3009C5BDB /* DisplayViewController.swift */; };
		113F05E01D804DD8009C5BDB /* AddEditViewController.swift in Sources */ = {isa = PBXBuildFile; fileRef = 113F05DF1D804DD8009C5BDB /* AddEditViewController.swift */; };
		113F05E21D805BDC009C5BDB /* AddTaskDelegate.swift in Sources */ = {isa = PBXBuildFile; fileRef = 113F05E11D805BDC009C5BDB /* AddTaskDelegate.swift */; };
		113F7CF51D8156FC00F88748 /* TaskViewCell.swift in Sources */ = {isa = PBXBuildFile; fileRef = 113F7CF41D8156FC00F88748 /* TaskViewCell.swift */; };
		11BCD5951D7FF29D00A2C0C0 /* AppDelegate.swift in Sources */ = {isa = PBXBuildFile; fileRef = 11BCD5941D7FF29D00A2C0C0 /* AppDelegate.swift */; };
		11BCD5971D7FF29D00A2C0C0 /* ViewController.swift in Sources */ = {isa = PBXBuildFile; fileRef = 11BCD5961D7FF29D00A2C0C0 /* ViewController.swift */; };
		11BCD59A1D7FF29D00A2C0C0 /* Main.storyboard in Resources */ = {isa = PBXBuildFile; fileRef = 11BCD5981D7FF29D00A2C0C0 /* Main.storyboard */; };
		11BCD59D1D7FF29D00A2C0C0 /* Task_Manager_1.xcdatamodeld in Sources */ = {isa = PBXBuildFile; fileRef = 11BCD59B1D7FF29D00A2C0C0 /* Task_Manager_1.xcdatamodeld */; };
		11BCD59F1D7FF29D00A2C0C0 /* Assets.xcassets in Resources */ = {isa = PBXBuildFile; fileRef = 11BCD59E1D7FF29D00A2C0C0 /* Assets.xcassets */; };
		11BCD5A21D7FF29D00A2C0C0 /* LaunchScreen.storyboard in Resources */ = {isa = PBXBuildFile; fileRef = 11BCD5A01D7FF29D00A2C0C0 /* LaunchScreen.storyboard */; };
		11BCD5AD1D7FF29D00A2C0C0 /* Task_Manager_1Tests.swift in Sources */ = {isa = PBXBuildFile; fileRef = 11BCD5AC1D7FF29D00A2C0C0 /* Task_Manager_1Tests.swift */; };
		11BCD5B81D7FF29D00A2C0C0 /* Task_Manager_1UITests.swift in Sources */ = {isa = PBXBuildFile; fileRef = 11BCD5B71D7FF29D00A2C0C0 /* Task_Manager_1UITests.swift */; };
		11BCD5C61D7FF9D800A2C0C0 /* User.swift in Sources */ = {isa = PBXBuildFile; fileRef = 11BCD5C51D7FF9D800A2C0C0 /* User.swift */; };
		11BCD5C81D80002E00A2C0C0 /* UserDataSingletonClass.swift in Sources */ = {isa = PBXBuildFile; fileRef = 11BCD5C71D80002E00A2C0C0 /* UserDataSingletonClass.swift */; };
		11BCD5CB1D80009700A2C0C0 /* testClass.swift in Sources */ = {isa = PBXBuildFile; fileRef = 11BCD5CA1D80009700A2C0C0 /* testClass.swift */; };
		11BCD5CD1D801D4700A2C0C0 /* SignUpViewController.swift in Sources */ = {isa = PBXBuildFile; fileRef = 11BCD5CC1D801D4700A2C0C0 /* SignUpViewController.swift */; };
		11BCD5CF1D80337A00A2C0C0 /* Task.swift in Sources */ = {isa = PBXBuildFile; fileRef = 11BCD5CE1D80337A00A2C0C0 /* Task.swift */; };
/* End PBXBuildFile section */

/* Begin PBXContainerItemProxy section */
		11BCD5A91D7FF29D00A2C0C0 /* PBXContainerItemProxy */ = {
			isa = PBXContainerItemProxy;
			containerPortal = 11BCD5891D7FF29C00A2C0C0 /* Project object */;
			proxyType = 1;
			remoteGlobalIDString = 11BCD5901D7FF29D00A2C0C0;
			remoteInfo = "Task Manager 1";
		};
		11BCD5B41D7FF29D00A2C0C0 /* PBXContainerItemProxy */ = {
			isa = PBXContainerItemProxy;
			containerPortal = 11BCD5891D7FF29C00A2C0C0 /* Project object */;
			proxyType = 1;
			remoteGlobalIDString = 11BCD5901D7FF29D00A2C0C0;
			remoteInfo = "Task Manager 1";
		};
/* End PBXContainerItemProxy section */

/* Begin PBXFileReference section */
		113F05DB1D8038A0009C5BDB /* viewsStoryBoard.storyboard */ = {isa = PBXFileReference; fileEncoding = 4; lastKnownFileType = file.storyboard; path = viewsStoryBoard.storyboard; sourceTree = "<group>"; };
		113F05DD1D8039B3009C5BDB /* DisplayViewController.swift */ = {isa = PBXFileReference; fileEncoding = 4; lastKnownFileType = sourcecode.swift; path = DisplayViewController.swift; sourceTree = "<group>"; };
		113F05DF1D804DD8009C5BDB /* AddEditViewController.swift */ = {isa = PBXFileReference; fileEncoding = 4; lastKnownFileType = sourcecode.swift; path = AddEditViewController.swift; sourceTree = "<group>"; };
		113F05E11D805BDC009C5BDB /* AddTaskDelegate.swift */ = {isa = PBXFileReference; fileEncoding = 4; lastKnownFileType = sourcecode.swift; path = AddTaskDelegate.swift; sourceTree = "<group>"; };
		113F7CF41D8156FC00F88748 /* TaskViewCell.swift */ = {isa = PBXFileReference; fileEncoding = 4; lastKnownFileType = sourcecode.swift; path = TaskViewCell.swift; sourceTree = "<group>"; };
		11BCD5911D7FF29D00A2C0C0 /* Task Manager 1.app */ = {isa = PBXFileReference; explicitFileType = wrapper.application; includeInIndex = 0; path = "Task Manager 1.app"; sourceTree = BUILT_PRODUCTS_DIR; };
		11BCD5941D7FF29D00A2C0C0 /* AppDelegate.swift */ = {isa = PBXFileReference; lastKnownFileType = sourcecode.swift; path = AppDelegate.swift; sourceTree = "<group>"; };
		11BCD5961D7FF29D00A2C0C0 /* ViewController.swift */ = {isa = PBXFileReference; lastKnownFileType = sourcecode.swift; path = ViewController.swift; sourceTree = "<group>"; };
		11BCD5991D7FF29D00A2C0C0 /* Base */ = {isa = PBXFileReference; lastKnownFileType = file.storyboard; name = Base; path = Base.lproj/Main.storyboard; sourceTree = "<group>"; };
		11BCD59C1D7FF29D00A2C0C0 /* Task_Manager_1.xcdatamodel */ = {isa = PBXFileReference; lastKnownFileType = wrapper.xcdatamodel; path = Task_Manager_1.xcdatamodel; sourceTree = "<group>"; };
		11BCD59E1D7FF29D00A2C0C0 /* Assets.xcassets */ = {isa = PBXFileReference; lastKnownFileType = folder.assetcatalog; path = Assets.xcassets; sourceTree = "<group>"; };
		11BCD5A11D7FF29D00A2C0C0 /* Base */ = {isa = PBXFileReference; lastKnownFileType = file.storyboard; name = Base; path = Base.lproj/LaunchScreen.storyboard; sourceTree = "<group>"; };
		11BCD5A31D7FF29D00A2C0C0 /* Info.plist */ = {isa = PBXFileReference; lastKnownFileType = text.plist.xml; path = Info.plist; sourceTree = "<group>"; };
		11BCD5A81D7FF29D00A2C0C0 /* Task Manager 1Tests.xctest */ = {isa = PBXFileReference; explicitFileType = wrapper.cfbundle; includeInIndex = 0; path = "Task Manager 1Tests.xctest"; sourceTree = BUILT_PRODUCTS_DIR; };
		11BCD5AC1D7FF29D00A2C0C0 /* Task_Manager_1Tests.swift */ = {isa = PBXFileReference; lastKnownFileType = sourcecode.swift; path = Task_Manager_1Tests.swift; sourceTree = "<group>"; };
		11BCD5AE1D7FF29D00A2C0C0 /* Info.plist */ = {isa = PBXFileReference; lastKnownFileType = text.plist.xml; path = Info.plist; sourceTree = "<group>"; };
		11BCD5B31D7FF29D00A2C0C0 /* Task Manager 1UITests.xctest */ = {isa = PBXFileReference; explicitFileType = wrapper.cfbundle; includeInIndex = 0; path = "Task Manager 1UITests.xctest"; sourceTree = BUILT_PRODUCTS_DIR; };
		11BCD5B71D7FF29D00A2C0C0 /* Task_Manager_1UITests.swift */ = {isa = PBXFileReference; lastKnownFileType = sourcecode.swift; path = Task_Manager_1UITests.swift; sourceTree = "<group>"; };
		11BCD5B91D7FF29D00A2C0C0 /* Info.plist */ = {isa = PBXFileReference; lastKnownFileType = text.plist.xml; path = Info.plist; sourceTree = "<group>"; };
		11BCD5C51D7FF9D800A2C0C0 /* User.swift */ = {isa = PBXFileReference; fileEncoding = 4; lastKnownFileType = sourcecode.swift; path = User.swift; sourceTree = "<group>"; };
		11BCD5C71D80002E00A2C0C0 /* UserDataSingletonClass.swift */ = {isa = PBXFileReference; fileEncoding = 4; lastKnownFileType = sourcecode.swift; path = UserDataSingletonClass.swift; sourceTree = "<group>"; };
		11BCD5CA1D80009700A2C0C0 /* testClass.swift */ = {isa = PBXFileReference; fileEncoding = 4; lastKnownFileType = sourcecode.swift; path = testClass.swift; sourceTree = "<group>"; };
		11BCD5CC1D801D4700A2C0C0 /* SignUpViewController.swift */ = {isa = PBXFileReference; fileEncoding = 4; lastKnownFileType = sourcecode.swift; path = SignUpViewController.swift; sourceTree = "<group>"; };
		11BCD5CE1D80337A00A2C0C0 /* Task.swift */ = {isa = PBXFileReference; fileEncoding = 4; lastKnownFileType = sourcecode.swift; path = Task.swift; sourceTree = "<group>"; };
/* End PBXFileReference section */

/* Begin PBXFrameworksBuildPhase section */
		11BCD58E1D7FF29D00A2C0C0 /* Frameworks */ = {
			isa = PBXFrameworksBuildPhase;
			buildActionMask = 2147483647;
			files = (
			);
			runOnlyForDeploymentPostprocessing = 0;
		};
		11BCD5A51D7FF29D00A2C0C0 /* Frameworks */ = {
			isa = PBXFrameworksBuildPhase;
			buildActionMask = 2147483647;
			files = (
			);
			runOnlyForDeploymentPostprocessing = 0;
		};
		11BCD5B01D7FF29D00A2C0C0 /* Frameworks */ = {
			isa = PBXFrameworksBuildPhase;
			buildActionMask = 2147483647;
			files = (
			);
			runOnlyForDeploymentPostprocessing = 0;
		};
/* End PBXFrameworksBuildPhase section */

/* Begin PBXGroup section */
		11BCD5881D7FF29C00A2C0C0 = {
			isa = PBXGroup;
			children = (
				11BCD5931D7FF29D00A2C0C0 /* Task Manager 1 */,
				11BCD5AB1D7FF29D00A2C0C0 /* Task Manager 1Tests */,
				11BCD5B61D7FF29D00A2C0C0 /* Task Manager 1UITests */,
				11BCD5921D7FF29D00A2C0C0 /* Products */,
			);
			sourceTree = "<group>";
		};
		11BCD5921D7FF29D00A2C0C0 /* Products */ = {
			isa = PBXGroup;
			children = (
				11BCD5911D7FF29D00A2C0C0 /* Task Manager 1.app */,
				11BCD5A81D7FF29D00A2C0C0 /* Task Manager 1Tests.xctest */,
				11BCD5B31D7FF29D00A2C0C0 /* Task Manager 1UITests.xctest */,
			);
			name = Products;
			sourceTree = "<group>";
		};
		11BCD5931D7FF29D00A2C0C0 /* Task Manager 1 */ = {
			isa = PBXGroup;
			children = (
				11BCD5941D7FF29D00A2C0C0 /* AppDelegate.swift */,
				11BCD5961D7FF29D00A2C0C0 /* ViewController.swift */,
				11BCD5C71D80002E00A2C0C0 /* UserDataSingletonClass.swift */,
				11BCD5CC1D801D4700A2C0C0 /* SignUpViewController.swift */,
				113F05DD1D8039B3009C5BDB /* DisplayViewController.swift */,
				113F05DF1D804DD8009C5BDB /* AddEditViewController.swift */,
				113F05E11D805BDC009C5BDB /* AddTaskDelegate.swift */,
				11BCD5C51D7FF9D800A2C0C0 /* User.swift */,
				113F7CF41D8156FC00F88748 /* TaskViewCell.swift */,
				11BCD5CE1D80337A00A2C0C0 /* Task.swift */,
				113F05DB1D8038A0009C5BDB /* viewsStoryBoard.storyboard */,
				11BCD5981D7FF29D00A2C0C0 /* Main.storyboard */,
				11BCD59E1D7FF29D00A2C0C0 /* Assets.xcassets */,
				11BCD5A01D7FF29D00A2C0C0 /* LaunchScreen.storyboard */,
				11BCD5A31D7FF29D00A2C0C0 /* Info.plist */,
				11BCD59B1D7FF29D00A2C0C0 /* Task_Manager_1.xcdatamodeld */,
				11BCD5CA1D80009700A2C0C0 /* testClass.swift */,
			);
			path = "Task Manager 1";
			sourceTree = "<group>";
		};
		11BCD5AB1D7FF29D00A2C0C0 /* Task Manager 1Tests */ = {
			isa = PBXGroup;
			children = (
				11BCD5AC1D7FF29D00A2C0C0 /* Task_Manager_1Tests.swift */,
				11BCD5AE1D7FF29D00A2C0C0 /* Info.plist */,
			);
			path = "Task Manager 1Tests";
			sourceTree = "<group>";
		};
		11BCD5B61D7FF29D00A2C0C0 /* Task Manager 1UITests */ = {
			isa = PBXGroup;
			children = (
				11BCD5B71D7FF29D00A2C0C0 /* Task_Manager_1UITests.swift */,
				11BCD5B91D7FF29D00A2C0C0 /* Info.plist */,
			);
			path = "Task Manager 1UITests";
			sourceTree = "<group>";
		};
/* End PBXGroup section */

/* Begin PBXNativeTarget section */
		11BCD5901D7FF29D00A2C0C0 /* Task Manager 1 */ = {
			isa = PBXNativeTarget;
			buildConfigurationList = 11BCD5BC1D7FF29D00A2C0C0 /* Build configuration list for PBXNativeTarget "Task Manager 1" */;
			buildPhases = (
				11BCD58D1D7FF29D00A2C0C0 /* Sources */,
				11BCD58E1D7FF29D00A2C0C0 /* Frameworks */,
				11BCD58F1D7FF29D00A2C0C0 /* Resources */,
			);
			buildRules = (
			);
			dependencies = (
			);
			name = "Task Manager 1";
			productName = "Task Manager 1";
			productReference = 11BCD5911D7FF29D00A2C0C0 /* Task Manager 1.app */;
			productType = "com.apple.product-type.application";
		};
		11BCD5A71D7FF29D00A2C0C0 /* Task Manager 1Tests */ = {
			isa = PBXNativeTarget;
			buildConfigurationList = 11BCD5BF1D7FF29D00A2C0C0 /* Build configuration list for PBXNativeTarget "Task Manager 1Tests" */;
			buildPhases = (
				11BCD5A41D7FF29D00A2C0C0 /* Sources */,
				11BCD5A51D7FF29D00A2C0C0 /* Frameworks */,
				11BCD5A61D7FF29D00A2C0C0 /* Resources */,
			);
			buildRules = (
			);
			dependencies = (
				11BCD5AA1D7FF29D00A2C0C0 /* PBXTargetDependency */,
			);
			name = "Task Manager 1Tests";
			productName = "Task Manager 1Tests";
			productReference = 11BCD5A81D7FF29D00A2C0C0 /* Task Manager 1Tests.xctest */;
			productType = "com.apple.product-type.bundle.unit-test";
		};
		11BCD5B21D7FF29D00A2C0C0 /* Task Manager 1UITests */ = {
			isa = PBXNativeTarget;
			buildConfigurationList = 11BCD5C21D7FF29D00A2C0C0 /* Build configuration list for PBXNativeTarget "Task Manager 1UITests" */;
			buildPhases = (
				11BCD5AF1D7FF29D00A2C0C0 /* Sources */,
				11BCD5B01D7FF29D00A2C0C0 /* Frameworks */,
				11BCD5B11D7FF29D00A2C0C0 /* Resources */,
			);
			buildRules = (
			);
			dependencies = (
				11BCD5B51D7FF29D00A2C0C0 /* PBXTargetDependency */,
			);
			name = "Task Manager 1UITests";
			productName = "Task Manager 1UITests";
			productReference = 11BCD5B31D7FF29D00A2C0C0 /* Task Manager 1UITests.xctest */;
			productType = "com.apple.product-type.bundle.ui-testing";
		};
/* End PBXNativeTarget section */

/* Begin PBXProject section */
		11BCD5891D7FF29C00A2C0C0 /* Project object */ = {
			isa = PBXProject;
			attributes = {
				LastSwiftUpdateCheck = 0730;
				LastUpgradeCheck = 0730;
				ORGANIZATIONNAME = GrepRuby;
				TargetAttributes = {
					11BCD5901D7FF29D00A2C0C0 = {
						CreatedOnToolsVersion = 7.3;
					};
					11BCD5A71D7FF29D00A2C0C0 = {
						CreatedOnToolsVersion = 7.3;
						TestTargetID = 11BCD5901D7FF29D00A2C0C0;
					};
					11BCD5B21D7FF29D00A2C0C0 = {
						CreatedOnToolsVersion = 7.3;
						TestTargetID = 11BCD5901D7FF29D00A2C0C0;
					};
				};
			};
			buildConfigurationList = 11BCD58C1D7FF29C00A2C0C0 /* Build configuration list for PBXProject "Task Manager 1" */;
			compatibilityVersion = "Xcode 3.2";
			developmentRegion = English;
			hasScannedForEncodings = 0;
			knownRegions = (
				en,
				Base,
			);
			mainGroup = 11BCD5881D7FF29C00A2C0C0;
			productRefGroup = 11BCD5921D7FF29D00A2C0C0 /* Products */;
			projectDirPath = "";
			projectRoot = "";
			targets = (
				11BCD5901D7FF29D00A2C0C0 /* Task Manager 1 */,
				11BCD5A71D7FF29D00A2C0C0 /* Task Manager 1Tests */,
				11BCD5B21D7FF29D00A2C0C0 /* Task Manager 1UITests */,
			);
		};
/* End PBXProject section */

/* Begin PBXResourcesBuildPhase section */
		11BCD58F1D7FF29D00A2C0C0 /* Resources */ = {
			isa = PBXResourcesBuildPhase;
			buildActionMask = 2147483647;
			files = (
				113F05DC1D8038A0009C5BDB /* viewsStoryBoard.storyboard in Resources */,
				11BCD5A21D7FF29D00A2C0C0 /* LaunchScreen.storyboard in Resources */,
				11BCD59F1D7FF29D00A2C0C0 /* Assets.xcassets in Resources */,
				11BCD59A1D7FF29D00A2C0C0 /* Main.storyboard in Resources */,
			);
			runOnlyForDeploymentPostprocessing = 0;
		};
		11BCD5A61D7FF29D00A2C0C0 /* Resources */ = {
			isa = PBXResourcesBuildPhase;
			buildActionMask = 2147483647;
			files = (
			);
			runOnlyForDeploymentPostprocessing = 0;
		};
		11BCD5B11D7FF29D00A2C0C0 /* Resources */ = {
			isa = PBXResourcesBuildPhase;
			buildActionMask = 2147483647;
			files = (
			);
			runOnlyForDeploymentPostprocessing = 0;
		};
/* End PBXResourcesBuildPhase section */

/* Begin PBXSourcesBuildPhase section */
		11BCD58D1D7FF29D00A2C0C0 /* Sources */ = {
			isa = PBXSourcesBuildPhase;
			buildActionMask = 2147483647;
			files = (
				11BCD5CF1D80337A00A2C0C0 /* Task.swift in Sources */,
				11BCD5C61D7FF9D800A2C0C0 /* User.swift in Sources */,
				11BCD5CD1D801D4700A2C0C0 /* SignUpViewController.swift in Sources */,
				11BCD59D1D7FF29D00A2C0C0 /* Task_Manager_1.xcdatamodeld in Sources */,
				11BCD5C81D80002E00A2C0C0 /* UserDataSingletonClass.swift in Sources */,
				11BCD5971D7FF29D00A2C0C0 /* ViewController.swift in Sources */,
				113F05E01D804DD8009C5BDB /* AddEditViewController.swift in Sources */,
				113F7CF51D8156FC00F88748 /* TaskViewCell.swift in Sources */,
				11BCD5CB1D80009700A2C0C0 /* testClass.swift in Sources */,
				113F05DE1D8039B3009C5BDB /* DisplayViewController.swift in Sources */,
				113F05E21D805BDC009C5BDB /* AddTaskDelegate.swift in Sources */,
				11BCD5951D7FF29D00A2C0C0 /* AppDelegate.swift in Sources */,
			);
			runOnlyForDeploymentPostprocessing = 0;
		};
		11BCD5A41D7FF29D00A2C0C0 /* Sources */ = {
			isa = PBXSourcesBuildPhase;
			buildActionMask = 2147483647;
			files = (
				11BCD5AD1D7FF29D00A2C0C0 /* Task_Manager_1Tests.swift in Sources */,
			);
			runOnlyForDeploymentPostprocessing = 0;
		};
		11BCD5AF1D7FF29D00A2C0C0 /* Sources */ = {
			isa = PBXSourcesBuildPhase;
			buildActionMask = 2147483647;
			files = (
				11BCD5B81D7FF29D00A2C0C0 /* Task_Manager_1UITests.swift in Sources */,
			);
			runOnlyForDeploymentPostprocessing = 0;
		};
/* End PBXSourcesBuildPhase section */

/* Begin PBXTargetDependency section */
		11BCD5AA1D7FF29D00A2C0C0 /* PBXTargetDependency */ = {
			isa = PBXTargetDependency;
			target = 11BCD5901D7FF29D00A2C0C0 /* Task Manager 1 */;
			targetProxy = 11BCD5A91D7FF29D00A2C0C0 /* PBXContainerItemProxy */;
		};
		11BCD5B51D7FF29D00A2C0C0 /* PBXTargetDependency */ = {
			isa = PBXTargetDependency;
			target = 11BCD5901D7FF29D00A2C0C0 /* Task Manager 1 */;
			targetProxy = 11BCD5B41D7FF29D00A2C0C0 /* PBXContainerItemProxy */;
		};
/* End PBXTargetDependency section */

/* Begin PBXVariantGroup section */
		11BCD5981D7FF29D00A2C0C0 /* Main.storyboard */ = {
			isa = PBXVariantGroup;
			children = (
				11BCD5991D7FF29D00A2C0C0 /* Base */,
			);
			name = Main.storyboard;
			sourceTree = "<group>";
		};
		11BCD5A01D7FF29D00A2C0C0 /* LaunchScreen.storyboard */ = {
			isa = PBXVariantGroup;
			children = (
				11BCD5A11D7FF29D00A2C0C0 /* Base */,
			);
			name = LaunchScreen.storyboard;
			sourceTree = "<group>";
		};
/* End PBXVariantGroup section */

/* Begin XCBuildConfiguration section */
		11BCD5BA1D7FF29D00A2C0C0 /* Debug */ = {
			isa = XCBuildConfiguration;
			buildSettings = {
				ALWAYS_SEARCH_USER_PATHS = NO;
				CLANG_ANALYZER_NONNULL = YES;
				CLANG_CXX_LANGUAGE_STANDARD = "gnu++0x";
				CLANG_CXX_LIBRARY = "libc++";
				CLANG_ENABLE_MODULES = YES;
				CLANG_ENABLE_OBJC_ARC = YES;
				CLANG_WARN_BOOL_CONVERSION = YES;
				CLANG_WARN_CONSTANT_CONVERSION = YES;
				CLANG_WARN_DIRECT_OBJC_ISA_USAGE = YES_ERROR;
				CLANG_WARN_EMPTY_BODY = YES;
				CLANG_WARN_ENUM_CONVERSION = YES;
				CLANG_WARN_INT_CONVERSION = YES;
				CLANG_WARN_OBJC_ROOT_CLASS = YES_ERROR;
				CLANG_WARN_UNREACHABLE_CODE = YES;
				CLANG_WARN__DUPLICATE_METHOD_MATCH = YES;
				"CODE_SIGN_IDENTITY[sdk=iphoneos*]" = "iPhone Developer";
				COPY_PHASE_STRIP = NO;
				DEBUG_INFORMATION_FORMAT = dwarf;
				ENABLE_STRICT_OBJC_MSGSEND = YES;
				ENABLE_TESTABILITY = YES;
				GCC_C_LANGUAGE_STANDARD = gnu99;
				GCC_DYNAMIC_NO_PIC = NO;
				GCC_NO_COMMON_BLOCKS = YES;
				GCC_OPTIMIZATION_LEVEL = 0;
				GCC_PREPROCESSOR_DEFINITIONS = (
					"DEBUG=1",
					"$(inherited)",
				);
				GCC_WARN_64_TO_32_BIT_CONVERSION = YES;
				GCC_WARN_ABOUT_RETURN_TYPE = YES_ERROR;
				GCC_WARN_UNDECLARED_SELECTOR = YES;
				GCC_WARN_UNINITIALIZED_AUTOS = YES_AGGRESSIVE;
				GCC_WARN_UNUSED_FUNCTION = YES;
				GCC_WARN_UNUSED_VARIABLE = YES;
				IPHONEOS_DEPLOYMENT_TARGET = 9.3;
				MTL_ENABLE_DEBUG_INFO = YES;
				ONLY_ACTIVE_ARCH = YES;
				SDKROOT = iphoneos;
				SWIFT_OPTIMIZATION_LEVEL = "-Onone";
			};
			name = Debug;
		};
		11BCD5BB1D7FF29D00A2C0C0 /* Release */ = {
			isa = XCBuildConfiguration;
			buildSettings = {
				ALWAYS_SEARCH_USER_PATHS = NO;
				CLANG_ANALYZER_NONNULL = YES;
				CLANG_CXX_LANGUAGE_STANDARD = "gnu++0x";
				CLANG_CXX_LIBRARY = "libc++";
				CLANG_ENABLE_MODULES = YES;
				CLANG_ENABLE_OBJC_ARC = YES;
				CLANG_WARN_BOOL_CONVERSION = YES;
				CLANG_WARN_CONSTANT_CONVERSION = YES;
				CLANG_WARN_DIRECT_OBJC_ISA_USAGE = YES_ERROR;
				CLANG_WARN_EMPTY_BODY = YES;
				CLANG_WARN_ENUM_CONVERSION = YES;
				CLANG_WARN_INT_CONVERSION = YES;
				CLANG_WARN_OBJC_ROOT_CLASS = YES_ERROR;
				CLANG_WARN_UNREACHABLE_CODE = YES;
				CLANG_WARN__DUPLICATE_METHOD_MATCH = YES;
				"CODE_SIGN_IDENTITY[sdk=iphoneos*]" = "iPhone Developer";
				COPY_PHASE_STRIP = NO;
				DEBUG_INFORMATION_FORMAT = "dwarf-with-dsym";
				ENABLE_NS_ASSERTIONS = NO;
				ENABLE_STRICT_OBJC_MSGSEND = YES;
				GCC_C_LANGUAGE_STANDARD = gnu99;
				GCC_NO_COMMON_BLOCKS = YES;
				GCC_WARN_64_TO_32_BIT_CONVERSION = YES;
				GCC_WARN_ABOUT_RETURN_TYPE = YES_ERROR;
				GCC_WARN_UNDECLARED_SELECTOR = YES;
				GCC_WARN_UNINITIALIZED_AUTOS = YES_AGGRESSIVE;
				GCC_WARN_UNUSED_FUNCTION = YES;
				GCC_WARN_UNUSED_VARIABLE = YES;
				IPHONEOS_DEPLOYMENT_TARGET = 9.3;
				MTL_ENABLE_DEBUG_INFO = NO;
				SDKROOT = iphoneos;
				VALIDATE_PRODUCT = YES;
			};
			name = Release;
		};
		11BCD5BD1D7FF29D00A2C0C0 /* Debug */ = {
			isa = XCBuildConfiguration;
			buildSettings = {
				ASSETCATALOG_COMPILER_APPICON_NAME = AppIcon;
				INFOPLIST_FILE = "Task Manager 1/Info.plist";
				LD_RUNPATH_SEARCH_PATHS = "$(inherited) @executable_path/Frameworks";
				PRODUCT_BUNDLE_IDENTIFIER = "com.GrepRuby.Task-Manager-1";
				PRODUCT_NAME = "$(TARGET_NAME)";
			};
			name = Debug;
		};
		11BCD5BE1D7FF29D00A2C0C0 /* Release */ = {
			isa = XCBuildConfiguration;
			buildSettings = {
				ASSETCATALOG_COMPILER_APPICON_NAME = AppIcon;
				INFOPLIST_FILE = "Task Manager 1/Info.plist";
				LD_RUNPATH_SEARCH_PATHS = "$(inherited) @executable_path/Frameworks";
				PRODUCT_BUNDLE_IDENTIFIER = "com.GrepRuby.Task-Manager-1";
				PRODUCT_NAME = "$(TARGET_NAME)";
			};
			name = Release;
		};
		11BCD5C01D7FF29D00A2C0C0 /* Debug */ = {
			isa = XCBuildConfiguration;
			buildSettings = {
				BUNDLE_LOADER = "$(TEST_HOST)";
				INFOPLIST_FILE = "Task Manager 1Tests/Info.plist";
				LD_RUNPATH_SEARCH_PATHS = "$(inherited) @executable_path/Frameworks @loader_path/Frameworks";
				PRODUCT_BUNDLE_IDENTIFIER = "com.GrepRuby.Task-Manager-1Tests";
				PRODUCT_NAME = "$(TARGET_NAME)";
				TEST_HOST = "$(BUILT_PRODUCTS_DIR)/Task Manager 1.app/Task Manager 1";
			};
			name = Debug;
		};
		11BCD5C11D7FF29D00A2C0C0 /* Release */ = {
			isa = XCBuildConfiguration;
			buildSettings = {
				BUNDLE_LOADER = "$(TEST_HOST)";
				INFOPLIST_FILE = "Task Manager 1Tests/Info.plist";
				LD_RUNPATH_SEARCH_PATHS = "$(inherited) @executable_path/Frameworks @loader_path/Frameworks";
				PRODUCT_BUNDLE_IDENTIFIER = "com.GrepRuby.Task-Manager-1Tests";
				PRODUCT_NAME = "$(TARGET_NAME)";
				TEST_HOST = "$(BUILT_PRODUCTS_DIR)/Task Manager 1.app/Task Manager 1";
			};
			name = Release;
		};
		11BCD5C31D7FF29D00A2C0C0 /* Debug */ = {
			isa = XCBuildConfiguration;
			buildSettings = {
				INFOPLIST_FILE = "Task Manager 1UITests/Info.plist";
				LD_RUNPATH_SEARCH_PATHS = "$(inherited) @executable_path/Frameworks @loader_path/Frameworks";
				PRODUCT_BUNDLE_IDENTIFIER = "com.GrepRuby.Task-Manager-1UITests";
				PRODUCT_NAME = "$(TARGET_NAME)";
				TEST_TARGET_NAME = "Task Manager 1";
			};
			name = Debug;
		};
		11BCD5C41D7FF29D00A2C0C0 /* Release */ = {
			isa = XCBuildConfiguration;
			buildSettings = {
				INFOPLIST_FILE = "Task Manager 1UITests/Info.plist";
				LD_RUNPATH_SEARCH_PATHS = "$(inherited) @executable_path/Frameworks @loader_path/Frameworks";
				PRODUCT_BUNDLE_IDENTIFIER = "com.GrepRuby.Task-Manager-1UITests";
				PRODUCT_NAME = "$(TARGET_NAME)";
				TEST_TARGET_NAME = "Task Manager 1";
			};
			name = Release;
		};
/* End XCBuildConfiguration section */

/* Begin XCConfigurationList section */
		11BCD58C1D7FF29C00A2C0C0 /* Build configuration list for PBXProject "Task Manager 1" */ = {
			isa = XCConfigurationList;
			buildConfigurations = (
				11BCD5BA1D7FF29D00A2C0C0 /* Debug */,
				11BCD5BB1D7FF29D00A2C0C0 /* Release */,
			);
			defaultConfigurationIsVisible = 0;
			defaultConfigurationName = Release;
		};
		11BCD5BC1D7FF29D00A2C0C0 /* Build configuration list for PBXNativeTarget "Task Manager 1" */ = {
			isa = XCConfigurationList;
			buildConfigurations = (
				11BCD5BD1D7FF29D00A2C0C0 /* Debug */,
				11BCD5BE1D7FF29D00A2C0C0 /* Release */,
			);
			defaultConfigurationIsVisible = 0;
			defaultConfigurationName = Release;
		};
		11BCD5BF1D7FF29D00A2C0C0 /* Build configuration list for PBXNativeTarget "Task Manager 1Tests" */ = {
			isa = XCConfigurationList;
			buildConfigurations = (
				11BCD5C01D7FF29D00A2C0C0 /* Debug */,
				11BCD5C11D7FF29D00A2C0C0 /* Release */,
			);
			defaultConfigurationIsVisible = 0;
			defaultConfigurationName = Release;
		};
		11BCD5C21D7FF29D00A2C0C0 /* Build configuration list for PBXNativeTarget "Task Manager 1UITests" */ = {
			isa = XCConfigurationList;
			buildConfigurations = (
				11BCD5C31D7FF29D00A2C0C0 /* Debug */,
				11BCD5C41D7FF29D00A2C0C0 /* Release */,
			);
			defaultConfigurationIsVisible = 0;
			defaultConfigurationName = Release;
		};
/* End XCConfigurationList section */

/* Begin XCVersionGroup section */
		11BCD59B1D7FF29D00A2C0C0 /* Task_Manager_1.xcdatamodeld */ = {
			isa = XCVersionGroup;
			children = (
				11BCD59C1D7FF29D00A2C0C0 /* Task_Manager_1.xcdatamodel */,
			);
			currentVersion = 11BCD59C1D7FF29D00A2C0C0 /* Task_Manager_1.xcdatamodel */;
			path = Task_Manager_1.xcdatamodeld;
			sourceTree = "<group>";
			versionGroupType = wrapper.xcdatamodel;
		};
/* End XCVersionGroup section */
	};
	rootObject = 11BCD5891D7FF29C00A2C0C0 /* Project object */;
}
